
Microsoft Visual Studio Solution File, Format Version 12.00
# Visual Studio Version 17
VisualStudioVersion = 17.6.33829.357
MinimumVisualStudioVersion = 10.0.40219.1
Project("{FAE04EC0-301F-11D3-BF4B-00C04F79EFBC}") = "PROJETO AULA 22 08", "PROJETO AULA 22 08\PROJETO AULA 22 08.csproj", "{67825A11-4890-4F3B-A654-B9B4F5D85E55}"
EndProject
Global
	GlobalSection(SolutionConfigurationPlatforms) = preSolution
		Debug|Any CPU = Debug|Any CPU
		Release|Any CPU = Release|Any CPU
	EndGlobalSection
	GlobalSection(ProjectConfigurationPlatforms) = postSolution
		{67825A11-4890-4F3B-A654-B9B4F5D85E55}.Debug|Any CPU.ActiveCfg = Debug|Any CPU
		{67825A11-4890-4F3B-A654-B9B4F5D85E55}.Debug|Any CPU.Build.0 = Debug|Any CPU
		{67825A11-4890-4F3B-A654-B9B4F5D85E55}.Release|Any CPU.ActiveCfg = Release|Any CPU
		{67825A11-4890-4F3B-A654-B9B4F5D85E55}.Release|Any CPU.Build.0 = Release|Any CPU
	EndGlobalSection
	GlobalSection(SolutionProperties) = preSolution
		HideSolutionNode = FALSE
	EndGlobalSection
	GlobalSection(ExtensibilityGlobals) = postSolution
		SolutionGuid = {C7A774F2-2C93-4D18-9410-99CFBFF5A7BF}
	EndGlobalSection
EndGlobal
